
Microsoft Visual Studio Solution File, Format Version 12.00
# Visual Studio Version 17
VisualStudioVersion = 17.5.33424.131
MinimumVisualStudioVersion = 10.0.40219.1
Project("{FAE04EC0-301F-11D3-BF4B-00C04F79EFBC}") = "car_rental", "car_rental\car_rental.csproj", "{7AC080A5-884A-4FEE-AEE1-65A3EB4E0860}"
EndProject
Global
	GlobalSection(SolutionConfigurationPlatforms) = preSolution
		Debug|Any CPU = Debug|Any CPU
		Release|Any CPU = Release|Any CPU
	EndGlobalSection
	GlobalSection(ProjectConfigurationPlatforms) = postSolution
		{7AC080A5-884A-4FEE-AEE1-65A3EB4E0860}.Debug|Any CPU.ActiveCfg = Debug|Any CPU
		{7AC080A5-884A-4FEE-AEE1-65A3EB4E0860}.Debug|Any CPU.Build.0 = Debug|Any CPU
		{7AC080A5-884A-4FEE-AEE1-65A3EB4E0860}.Release|Any CPU.ActiveCfg = Release|Any CPU
		{7AC080A5-884A-4FEE-AEE1-65A3EB4E0860}.Release|Any CPU.Build.0 = Release|Any CPU
	EndGlobalSection
	GlobalSection(SolutionProperties) = preSolution
		HideSolutionNode = FALSE
	EndGlobalSection
	GlobalSection(ExtensibilityGlobals) = postSolution
		SolutionGuid = {2947970D-8BA0-4E42-8B1C-4F440DFB2468}
	EndGlobalSection
EndGlobal
